
Microsoft Visual Studio Solution File, Format Version 12.00
# Visual Studio Version 17
VisualStudioVersion = 17.6.33829.357
MinimumVisualStudioVersion = 10.0.40219.1
Project("{FAE04EC0-301F-11D3-BF4B-00C04F79EFBC}") = "ReviewApp", "ReviewApp\ReviewApp.csproj", "{21C2342B-6EE6-454D-8B59-F5BB2569E278}"
EndProject
Global
	GlobalSection(SolutionConfigurationPlatforms) = preSolution
		Debug|Any CPU = Debug|Any CPU
		Release|Any CPU = Release|Any CPU
	EndGlobalSection
	GlobalSection(ProjectConfigurationPlatforms) = postSolution
		{21C2342B-6EE6-454D-8B59-F5BB2569E278}.Debug|Any CPU.ActiveCfg = Debug|Any CPU
		{21C2342B-6EE6-454D-8B59-F5BB2569E278}.Debug|Any CPU.Build.0 = Debug|Any CPU
		{21C2342B-6EE6-454D-8B59-F5BB2569E278}.Release|Any CPU.ActiveCfg = Release|Any CPU
		{21C2342B-6EE6-454D-8B59-F5BB2569E278}.Release|Any CPU.Build.0 = Release|Any CPU
	EndGlobalSection
	GlobalSection(SolutionProperties) = preSolution
		HideSolutionNode = FALSE
	EndGlobalSection
	GlobalSection(ExtensibilityGlobals) = postSolution
		SolutionGuid = {594142DD-C34D-40F1-8AE7-4F86678D9FFD}
	EndGlobalSection
EndGlobal
